// !$*UTF8*$!
{
	archiveVersion = 1;
	classes = {
	};
	objectVersion = 48;
	objects = {

/* Begin PBXBuildFile section */
		990481C11F44B66D004CD851 /* Main.storyboard in Resources */ = {isa = PBXBuildFile; fileRef = 99848FB91F44369D001C6059 /* Main.storyboard */; };
		990481C21F44B66D004CD851 /* LaunchScreen.storyboard in Resources */ = {isa = PBXBuildFile; fileRef = 99848FBE1F44369D001C6059 /* LaunchScreen.storyboard */; };
		99848FB61F44369D001C6059 /* AppDelegate.swift in Sources */ = {isa = PBXBuildFile; fileRef = 99848FB51F44369D001C6059 /* AppDelegate.swift */; };
		99848FB81F44369D001C6059 /* ViewController.swift in Sources */ = {isa = PBXBuildFile; fileRef = 99848FB71F44369D001C6059 /* ViewController.swift */; };
		99848FBD1F44369D001C6059 /* Assets.xcassets in Resources */ = {isa = PBXBuildFile; fileRef = 99848FBC1F44369D001C6059 /* Assets.xcassets */; };
		99848FD11F446801001C6059 /* Dice.png in Resources */ = {isa = PBXBuildFile; fileRef = 99848FD01F446801001C6059 /* Dice.png */; };
		99848FD51F4468F3001C6059 /* Cube.png in Resources */ = {isa = PBXBuildFile; fileRef = 99848FD41F4468F3001C6059 /* Cube.png */; };
		99848FDC1F446C96001C6059 /* two.png in Resources */ = {isa = PBXBuildFile; fileRef = 99848FD61F446C95001C6059 /* two.png */; };
		99848FDD1F446C96001C6059 /* four.png in Resources */ = {isa = PBXBuildFile; fileRef = 99848FD71F446C95001C6059 /* four.png */; };
		99848FDE1F446C96001C6059 /* six.png in Resources */ = {isa = PBXBuildFile; fileRef = 99848FD81F446C95001C6059 /* six.png */; };
		99848FDF1F446C96001C6059 /* five.png in Resources */ = {isa = PBXBuildFile; fileRef = 99848FD91F446C95001C6059 /* five.png */; };
		99848FE01F446C96001C6059 /* three.png in Resources */ = {isa = PBXBuildFile; fileRef = 99848FDA1F446C95001C6059 /* three.png */; };
		99848FE11F446C96001C6059 /* one.png in Resources */ = {isa = PBXBuildFile; fileRef = 99848FDB1F446C95001C6059 /* one.png */; };
/* End PBXBuildFile section */

/* Begin PBXFileReference section */
		99848FB21F44369D001C6059 /* NewDemo.app */ = {isa = PBXFileReference; explicitFileType = wrapper.application; includeInIndex = 0; path = NewDemo.app; sourceTree = BUILT_PRODUCTS_DIR; };
		99848FB51F44369D001C6059 /* AppDelegate.swift */ = {isa = PBXFileReference; lastKnownFileType = sourcecode.swift; path = AppDelegate.swift; sourceTree = "<group>"; };
		99848FB71F44369D001C6059 /* ViewController.swift */ = {isa = PBXFileReference; lastKnownFileType = sourcecode.swift; path = ViewController.swift; sourceTree = "<group>"; };
		99848FBA1F44369D001C6059 /* Base */ = {isa = PBXFileReference; lastKnownFileType = file.storyboard; name = Base; path = Base.lproj/Main.storyboard; sourceTree = "<group>"; };
		99848FBC1F44369D001C6059 /* Assets.xcassets */ = {isa = PBXFileReference; lastKnownFileType = folder.assetcatalog; path = Assets.xcassets; sourceTree = "<group>"; };
		99848FBF1F44369D001C6059 /* Base */ = {isa = PBXFileReference; lastKnownFileType = file.storyboard; name = Base; path = Base.lproj/LaunchScreen.storyboard; sourceTree = "<group>"; };
		99848FC11F44369D001C6059 /* Info.plist */ = {isa = PBXFileReference; lastKnownFileType = text.plist.xml; path = Info.plist; sourceTree = "<group>"; };
		99848FD01F446801001C6059 /* Dice.png */ = {isa = PBXFileReference; lastKnownFileType = image.png; path = Dice.png; sourceTree = "<group>"; };
		99848FD41F4468F3001C6059 /* Cube.png */ = {isa = PBXFileReference; lastKnownFileType = image.png; path = Cube.png; sourceTree = "<group>"; };
		99848FD61F446C95001C6059 /* two.png */ = {isa = PBXFileReference; lastKnownFileType = image.png; path = two.png; sourceTree = "<group>"; };
		99848FD71F446C95001C6059 /* four.png */ = {isa = PBXFileReference; lastKnownFileType = image.png; path = four.png; sourceTree = "<group>"; };
		99848FD81F446C95001C6059 /* six.png */ = {isa = PBXFileReference; lastKnownFileType = image.png; path = six.png; sourceTree = "<group>"; };
		99848FD91F446C95001C6059 /* five.png */ = {isa = PBXFileReference; lastKnownFileType = image.png; path = five.png; sourceTree = "<group>"; };
		99848FDA1F446C95001C6059 /* three.png */ = {isa = PBXFileReference; lastKnownFileType = image.png; path = three.png; sourceTree = "<group>"; };
		99848FDB1F446C95001C6059 /* one.png */ = {isa = PBXFileReference; lastKnownFileType = image.png; path = one.png; sourceTree = "<group>"; };
/* End PBXFileReference section */

/* Begin PBXFrameworksBuildPhase section */
		99848FAF1F44369D001C6059 /* Frameworks */ = {
			isa = PBXFrameworksBuildPhase;
			buildActionMask = 2147483647;
			files = (
			);
			runOnlyForDeploymentPostprocessing = 0;
		};
/* End PBXFrameworksBuildPhase section */

/* Begin PBXGroup section */
		99848FA91F44369D001C6059 = {
			isa = PBXGroup;
			children = (
				99848FB41F44369D001C6059 /* NewDemo */,
				99848FB31F44369D001C6059 /* Products */,
			);
			sourceTree = "<group>";
		};
		99848FB31F44369D001C6059 /* Products */ = {
			isa = PBXGroup;
			children = (
				99848FB21F44369D001C6059 /* NewDemo.app */,
			);
			name = Products;
			sourceTree = "<group>";
		};
		99848FB41F44369D001C6059 /* NewDemo */ = {
			isa = PBXGroup;
			children = (
				99848FD41F4468F3001C6059 /* Cube.png */,
				99848FB51F44369D001C6059 /* AppDelegate.swift */,
				99848FB71F44369D001C6059 /* ViewController.swift */,
				99848FB91F44369D001C6059 /* Main.storyboard */,
				99848FBC1F44369D001C6059 /* Assets.xcassets */,
				99848FD01F446801001C6059 /* Dice.png */,
				99848FD91F446C95001C6059 /* five.png */,
				99848FD71F446C95001C6059 /* four.png */,
				99848FDB1F446C95001C6059 /* one.png */,
				99848FD81F446C95001C6059 /* six.png */,
				99848FDA1F446C95001C6059 /* three.png */,
				99848FD61F446C95001C6059 /* two.png */,
				99848FBE1F44369D001C6059 /* LaunchScreen.storyboard */,
				99848FC11F44369D001C6059 /* Info.plist */,
			);
			path = NewDemo;
			sourceTree = "<group>";
		};
/* End PBXGroup section */

/* Begin PBXNativeTarget section */
		99848FB11F44369D001C6059 /* NewDemo */ = {
			isa = PBXNativeTarget;
			buildConfigurationList = 99848FC41F44369D001C6059 /* Build configuration list for PBXNativeTarget "NewDemo" */;
			buildPhases = (
				99848FAE1F44369D001C6059 /* Sources */,
				99848FAF1F44369D001C6059 /* Frameworks */,
				99848FB01F44369D001C6059 /* Resources */,
			);
			buildRules = (
			);
			dependencies = (
			);
			name = NewDemo;
			productName = NewDemo;
			productReference = 99848FB21F44369D001C6059 /* NewDemo.app */;
			productType = "com.apple.product-type.application";
		};
/* End PBXNativeTarget section */

/* Begin PBXProject section */
		99848FAA1F44369D001C6059 /* Project object */ = {
			isa = PBXProject;
			attributes = {
				LastSwiftUpdateCheck = 0900;
				LastUpgradeCheck = 0900;
				ORGANIZATIONNAME = "Sujan Vaidya";
				TargetAttributes = {
					99848FB11F44369D001C6059 = {
						CreatedOnToolsVersion = 9.0;
					};
				};
			};
			buildConfigurationList = 99848FAD1F44369D001C6059 /* Build configuration list for PBXProject "NewDemo" */;
			compatibilityVersion = "Xcode 8.0";
			developmentRegion = en;
			hasScannedForEncodings = 0;
			knownRegions = (
				en,
				Base,
			);
			mainGroup = 99848FA91F44369D001C6059;
			productRefGroup = 99848FB31F44369D001C6059 /* Products */;
			projectDirPath = "";
			projectRoot = "";
			targets = (
				99848FB11F44369D001C6059 /* NewDemo */,
			);
		};
/* End PBXProject section */

/* Begin PBXResourcesBuildPhase section */
		99848FB01F44369D001C6059 /* Resources */ = {
			isa = PBXResourcesBuildPhase;
			buildActionMask = 2147483647;
			files = (
				990481C11F44B66D004CD851 /* Main.storyboard in Resources */,
				990481C21F44B66D004CD851 /* LaunchScreen.storyboard in Resources */,
				99848FDC1F446C96001C6059 /* two.png in Resources */,
				99848FD11F446801001C6059 /* Dice.png in Resources */,
				99848FDF1F446C96001C6059 /* five.png in Resources */,
				99848FE01F446C96001C6059 /* three.png in Resources */,
				99848FD51F4468F3001C6059 /* Cube.png in Resources */,
				99848FBD1F44369D001C6059 /* Assets.xcassets in Resources */,
				99848FDD1F446C96001C6059 /* four.png in Resources */,
				99848FE11F446C96001C6059 /* one.png in Resources */,
				99848FDE1F446C96001C6059 /* six.png in Resources */,
			);
			runOnlyForDeploymentPostprocessing = 0;
		};
/* End PBXResourcesBuildPhase section */

/* Begin PBXSourcesBuildPhase section */
		99848FAE1F44369D001C6059 /* Sources */ = {
			isa = PBXSourcesBuildPhase;
			buildActionMask = 2147483647;
			files = (
				99848FB81F44369D001C6059 /* ViewController.swift in Sources */,
				99848FB61F44369D001C6059 /* AppDelegate.swift in Sources */,
			);
			runOnlyForDeploymentPostprocessing = 0;
		};
/* End PBXSourcesBuildPhase section */

/* Begin PBXVariantGroup section */
		99848FB91F44369D001C6059 /* Main.storyboard */ = {
			isa = PBXVariantGroup;
			children = (
				99848FBA1F44369D001C6059 /* Base */,
			);
			name = Main.storyboard;
			sourceTree = "<group>";
		};
		99848FBE1F44369D001C6059 /* LaunchScreen.storyboard */ = {
			isa = PBXVariantGroup;
			children = (
				99848FBF1F44369D001C6059 /* Base */,
			);
			name = LaunchScreen.storyboard;
			sourceTree = "<group>";
		};
/* End PBXVariantGroup section */

/* Begin XCBuildConfiguration section */
		99848FC21F44369D001C6059 /* Debug */ = {
			isa = XCBuildConfiguration;
			buildSettings = {
				ALWAYS_SEARCH_USER_PATHS = NO;
				CLANG_ANALYZER_NONNULL = YES;
				CLANG_ANALYZER_NUMBER_OBJECT_CONVERSION = YES_AGGRESSIVE;
				CLANG_CXX_LANGUAGE_STANDARD = "gnu++14";
				CLANG_CXX_LIBRARY = "libc++";
				CLANG_ENABLE_MODULES = YES;
				CLANG_ENABLE_OBJC_ARC = YES;
				CLANG_WARN_BLOCK_CAPTURE_AUTORELEASING = YES;
				CLANG_WARN_BOOL_CONVERSION = YES;
				CLANG_WARN_COMMA = YES;
				CLANG_WARN_CONSTANT_CONVERSION = YES;
				CLANG_WARN_DIRECT_OBJC_ISA_USAGE = YES_ERROR;
				CLANG_WARN_DOCUMENTATION_COMMENTS = YES;
				CLANG_WARN_EMPTY_BODY = YES;
				CLANG_WARN_ENUM_CONVERSION = YES;
				CLANG_WARN_INFINITE_RECURSION = YES;
				CLANG_WARN_INT_CONVERSION = YES;
				CLANG_WARN_NON_LITERAL_NULL_CONVERSION = YES;
				CLANG_WARN_OBJC_LITERAL_CONVERSION = YES;
				CLANG_WARN_OBJC_ROOT_CLASS = YES_ERROR;
				CLANG_WARN_RANGE_LOOP_ANALYSIS = YES;
				CLANG_WARN_STRICT_PROTOTYPES = YES;
				CLANG_WARN_SUSPICIOUS_MOVE = YES;
				CLANG_WARN_UNGUARDED_AVAILABILITY = YES_AGGRESSIVE;
				CLANG_WARN_UNREACHABLE_CODE = YES;
				CLANG_WARN__DUPLICATE_METHOD_MATCH = YES;
				CODE_SIGN_IDENTITY = "iPhone Developer";
				COPY_PHASE_STRIP = NO;
				DEBUG_INFORMATION_FORMAT = dwarf;
				ENABLE_STRICT_OBJC_MSGSEND = YES;
				ENABLE_TESTABILITY = YES;
				GCC_C_LANGUAGE_STANDARD = gnu11;
				GCC_DYNAMIC_NO_PIC = NO;
				GCC_NO_COMMON_BLOCKS = YES;
				GCC_OPTIMIZATION_LEVEL = 0;
				GCC_PREPROCESSOR_DEFINITIONS = (
					"DEBUG=1",
					"$(inherited)",
				);
				GCC_WARN_64_TO_32_BIT_CONVERSION = YES;
				GCC_WARN_ABOUT_RETURN_TYPE = YES_ERROR;
				GCC_WARN_UNDECLARED_SELECTOR = YES;
				GCC_WARN_UNINITIALIZED_AUTOS = YES_AGGRESSIVE;
				GCC_WARN_UNUSED_FUNCTION = YES;
				GCC_WARN_UNUSED_VARIABLE = YES;
				IPHONEOS_DEPLOYMENT_TARGET = 11.0;
				MTL_ENABLE_DEBUG_INFO = YES;
				ONLY_ACTIVE_ARCH = YES;
				SDKROOT = iphoneos;
				SWIFT_ACTIVE_COMPILATION_CONDITIONS = DEBUG;
				SWIFT_OPTIMIZATION_LEVEL = "-Onone";
			};
			name = Debug;
		};
		99848FC31F44369D001C6059 /* Release */ = {
			isa = XCBuildConfiguration;
			buildSettings = {
				ALWAYS_SEARCH_USER_PATHS = NO;
				CLANG_ANALYZER_NONNULL = YES;
				CLANG_ANALYZER_NUMBER_OBJECT_CONVERSION = YES_AGGRESSIVE;
				CLANG_CXX_LANGUAGE_STANDARD = "gnu++14";
				CLANG_CXX_LIBRARY = "libc++";
				CLANG_ENABLE_MODULES = YES;
				CLANG_ENABLE_OBJC_ARC = YES;
				CLANG_WARN_BLOCK_CAPTURE_AUTORELEASING = YES;
				CLANG_WARN_BOOL_CONVERSION = YES;
				CLANG_WARN_COMMA = YES;
				CLANG_WARN_CONSTANT_CONVERSION = YES;
				CLANG_WARN_DIRECT_OBJC_ISA_USAGE = YES_ERROR;
				CLANG_WARN_DOCUMENTATION_COMMENTS = YES;
				CLANG_WARN_EMPTY_BODY = YES;
				CLANG_WARN_ENUM_CONVERSION = YES;
				CLANG_WARN_INFINITE_RECURSION = YES;
				CLANG_WARN_INT_CONVERSION = YES;
				CLANG_WARN_NON_LITERAL_NULL_CONVERSION = YES;
				CLANG_WARN_OBJC_LITERAL_CONVERSION = YES;
				CLANG_WARN_OBJC_ROOT_CLASS = YES_ERROR;
				CLANG_WARN_RANGE_LOOP_ANALYSIS = YES;
				CLANG_WARN_STRICT_PROTOTYPES = YES;
				CLANG_WARN_SUSPICIOUS_MOVE = YES;
				CLANG_WARN_UNGUARDED_AVAILABILITY = YES_AGGRESSIVE;
				CLANG_WARN_UNREACHABLE_CODE = YES;
				CLANG_WARN__DUPLICATE_METHOD_MATCH = YES;
				CODE_SIGN_IDENTITY = "iPhone Developer";
				COPY_PHASE_STRIP = NO;
				DEBUG_INFORMATION_FORMAT = "dwarf-with-dsym";
				ENABLE_NS_ASSERTIONS = NO;
				ENABLE_STRICT_OBJC_MSGSEND = YES;
				GCC_C_LANGUAGE_STANDARD = gnu11;
				GCC_NO_COMMON_BLOCKS = YES;
				GCC_WARN_64_TO_32_BIT_CONVERSION = YES;
				GCC_WARN_ABOUT_RETURN_TYPE = YES_ERROR;
				GCC_WARN_UNDECLARED_SELECTOR = YES;
				GCC_WARN_UNINITIALIZED_AUTOS = YES_AGGRESSIVE;
				GCC_WARN_UNUSED_FUNCTION = YES;
				GCC_WARN_UNUSED_VARIABLE = YES;
				IPHONEOS_DEPLOYMENT_TARGET = 11.0;
				MTL_ENABLE_DEBUG_INFO = NO;
				SDKROOT = iphoneos;
				SWIFT_OPTIMIZATION_LEVEL = "-Owholemodule";
				VALIDATE_PRODUCT = YES;
			};
			name = Release;
		};
		99848FC51F44369D001C6059 /* Debug */ = {
			isa = XCBuildConfiguration;
			buildSettings = {
				ASSETCATALOG_COMPILER_APPICON_NAME = AppIcon;
				DEVELOPMENT_TEAM = N7DN9W93BF;
				INFOPLIST_FILE = NewDemo/Info.plist;
				LD_RUNPATH_SEARCH_PATHS = "$(inherited) @executable_path/Frameworks";
				PRODUCT_BUNDLE_IDENTIFIER = com.sujanvaidya.NewDemo;
				PRODUCT_NAME = "$(TARGET_NAME)";
				SWIFT_VERSION = 4.0;
				TARGETED_DEVICE_FAMILY = "1,2";
			};
			name = Debug;
		};
		99848FC61F44369D001C6059 /* Release */ = {
			isa = XCBuildConfiguration;
			buildSettings = {
				ASSETCATALOG_COMPILER_APPICON_NAME = AppIcon;
				DEVELOPMENT_TEAM = N7DN9W93BF;
				INFOPLIST_FILE = NewDemo/Info.plist;
				LD_RUNPATH_SEARCH_PATHS = "$(inherited) @executable_path/Frameworks";
				PRODUCT_BUNDLE_IDENTIFIER = com.sujanvaidya.NewDemo;
				PRODUCT_NAME = "$(TARGET_NAME)";
				SWIFT_VERSION = 4.0;
				TARGETED_DEVICE_FAMILY = "1,2";
			};
			name = Release;
		};
/* End XCBuildConfiguration section */

/* Begin XCConfigurationList section */
		99848FAD1F44369D001C6059 /* Build configuration list for PBXProject "NewDemo" */ = {
			isa = XCConfigurationList;
			buildConfigurations = (
				99848FC21F44369D001C6059 /* Debug */,
				99848FC31F44369D001C6059 /* Release */,
			);
			defaultConfigurationIsVisible = 0;
			defaultConfigurationName = Release;
		};
		99848FC41F44369D001C6059 /* Build configuration list for PBXNativeTarget "NewDemo" */ = {
			isa = XCConfigurationList;
			buildConfigurations = (
				99848FC51F44369D001C6059 /* Debug */,
				99848FC61F44369D001C6059 /* Release */,
			);
			defaultConfigurationIsVisible = 0;
			defaultConfigurationName = Release;
		};
/* End XCConfigurationList section */
	};
	rootObject = 99848FAA1F44369D001C6059 /* Project object */;
}
